
Microsoft Visual Studio Solution File, Format Version 12.00
# Visual Studio 15
VisualStudioVersion = 15.0.28307.539
MinimumVisualStudioVersion = 10.0.40219.1
Project("{FAE04EC0-301F-11D3-BF4B-00C04F79EFBC}") = "StressTesting", "StressTesting\StressTesting.csproj", "{84A3C451-4478-4AC9-BF5F-7D6F31CA6735}"
	ProjectSection(ProjectDependencies) = postProject
		{09144B82-FA56-4270-9225-AAEF7A44AF24} = {09144B82-FA56-4270-9225-AAEF7A44AF24}
	EndProjectSection
EndProject
Project("{9A19103F-16F7-4668-BE54-9A1E7A4F7556}") = "One", "..\One\One\One.csproj", "{09144B82-FA56-4270-9225-AAEF7A44AF24}"
EndProject
Global
	GlobalSection(SolutionConfigurationPlatforms) = preSolution
		Debug|Any CPU = Debug|Any CPU
		Release|Any CPU = Release|Any CPU
	EndGlobalSection
	GlobalSection(ProjectConfigurationPlatforms) = postSolution
		{84A3C451-4478-4AC9-BF5F-7D6F31CA6735}.Debug|Any CPU.ActiveCfg = Debug|Any CPU
		{84A3C451-4478-4AC9-BF5F-7D6F31CA6735}.Debug|Any CPU.Build.0 = Debug|Any CPU
		{84A3C451-4478-4AC9-BF5F-7D6F31CA6735}.Release|Any CPU.ActiveCfg = Release|Any CPU
		{84A3C451-4478-4AC9-BF5F-7D6F31CA6735}.Release|Any CPU.Build.0 = Release|Any CPU
		{09144B82-FA56-4270-9225-AAEF7A44AF24}.Debug|Any CPU.ActiveCfg = Debug|Any CPU
		{09144B82-FA56-4270-9225-AAEF7A44AF24}.Debug|Any CPU.Build.0 = Debug|Any CPU
		{09144B82-FA56-4270-9225-AAEF7A44AF24}.Release|Any CPU.ActiveCfg = Release|Any CPU
		{09144B82-FA56-4270-9225-AAEF7A44AF24}.Release|Any CPU.Build.0 = Release|Any CPU
	EndGlobalSection
	GlobalSection(SolutionProperties) = preSolution
		HideSolutionNode = FALSE
	EndGlobalSection
	GlobalSection(ExtensibilityGlobals) = postSolution
		SolutionGuid = {E4534F2C-CEBA-4A51-A029-5650339DEED8}
	EndGlobalSection
EndGlobal
