
Microsoft Visual Studio Solution File, Format Version 12.00
# Visual Studio Version 16
VisualStudioVersion = 16.0.29209.62
MinimumVisualStudioVersion = 10.0.40219.1
Project("{9A19103F-16F7-4668-BE54-9A1E7A4F7556}") = "JingLibrary", "Projects\JingLibrary\JingLibrary.csproj", "{EC7E552E-0D0C-4AAF-BA46-07431D4AC7B6}"
EndProject
Project("{2150E333-8FDC-42A3-9474-1A3956D46DE8}") = "Librarys", "Librarys", "{EC11E2FD-190E-498F-8FD0-5EE5B8FA38D9}"
EndProject
Project("{9A19103F-16F7-4668-BE54-9A1E7A4F7556}") = "OneLibrary", "Projects\OneLibrary\OneLibrary.csproj", "{CD7D4CDC-4305-4CCD-A4F2-3D7AC9BE070A}"
EndProject
Project("{9A19103F-16F7-4668-BE54-9A1E7A4F7556}") = "OneServerDemo", "Projects\OneServerDemo\OneServerDemo.csproj", "{C13CDFC2-082F-432A-B2E3-095A55DFCCC1}"
EndProject
Project("{9A19103F-16F7-4668-BE54-9A1E7A4F7556}") = "OneClientDemo", "Projects\OneClientDemo\OneClientDemo.csproj", "{3CDB25BE-07A0-44D3-8BC0-2A27DDF58010}"
EndProject
Global
	GlobalSection(SolutionConfigurationPlatforms) = preSolution
		Debug|Any CPU = Debug|Any CPU
		Release|Any CPU = Release|Any CPU
	EndGlobalSection
	GlobalSection(ProjectConfigurationPlatforms) = postSolution
		{EC7E552E-0D0C-4AAF-BA46-07431D4AC7B6}.Debug|Any CPU.ActiveCfg = Debug|Any CPU
		{EC7E552E-0D0C-4AAF-BA46-07431D4AC7B6}.Debug|Any CPU.Build.0 = Debug|Any CPU
		{EC7E552E-0D0C-4AAF-BA46-07431D4AC7B6}.Release|Any CPU.ActiveCfg = Release|Any CPU
		{EC7E552E-0D0C-4AAF-BA46-07431D4AC7B6}.Release|Any CPU.Build.0 = Release|Any CPU
		{CD7D4CDC-4305-4CCD-A4F2-3D7AC9BE070A}.Debug|Any CPU.ActiveCfg = Debug|Any CPU
		{CD7D4CDC-4305-4CCD-A4F2-3D7AC9BE070A}.Debug|Any CPU.Build.0 = Debug|Any CPU
		{CD7D4CDC-4305-4CCD-A4F2-3D7AC9BE070A}.Release|Any CPU.ActiveCfg = Release|Any CPU
		{CD7D4CDC-4305-4CCD-A4F2-3D7AC9BE070A}.Release|Any CPU.Build.0 = Release|Any CPU
		{C13CDFC2-082F-432A-B2E3-095A55DFCCC1}.Debug|Any CPU.ActiveCfg = Debug|Any CPU
		{C13CDFC2-082F-432A-B2E3-095A55DFCCC1}.Debug|Any CPU.Build.0 = Debug|Any CPU
		{C13CDFC2-082F-432A-B2E3-095A55DFCCC1}.Release|Any CPU.ActiveCfg = Release|Any CPU
		{C13CDFC2-082F-432A-B2E3-095A55DFCCC1}.Release|Any CPU.Build.0 = Release|Any CPU
		{3CDB25BE-07A0-44D3-8BC0-2A27DDF58010}.Debug|Any CPU.ActiveCfg = Debug|Any CPU
		{3CDB25BE-07A0-44D3-8BC0-2A27DDF58010}.Debug|Any CPU.Build.0 = Debug|Any CPU
		{3CDB25BE-07A0-44D3-8BC0-2A27DDF58010}.Release|Any CPU.ActiveCfg = Release|Any CPU
		{3CDB25BE-07A0-44D3-8BC0-2A27DDF58010}.Release|Any CPU.Build.0 = Release|Any CPU
	EndGlobalSection
	GlobalSection(SolutionProperties) = preSolution
		HideSolutionNode = FALSE
	EndGlobalSection
	GlobalSection(NestedProjects) = preSolution
		{EC7E552E-0D0C-4AAF-BA46-07431D4AC7B6} = {EC11E2FD-190E-498F-8FD0-5EE5B8FA38D9}
		{CD7D4CDC-4305-4CCD-A4F2-3D7AC9BE070A} = {EC11E2FD-190E-498F-8FD0-5EE5B8FA38D9}
	EndGlobalSection
	GlobalSection(ExtensibilityGlobals) = postSolution
		SolutionGuid = {BB3A7012-4142-4C43-8AA4-23E592D996A8}
	EndGlobalSection
EndGlobal
