
Microsoft Visual Studio Solution File, Format Version 12.00
# Visual Studio 15
VisualStudioVersion = 15.0.28010.2046
MinimumVisualStudioVersion = 10.0.40219.1
Project("{9A19103F-16F7-4668-BE54-9A1E7A4F7556}") = "DemoLibrary", "DemoLibrary\DemoLibrary.csproj", "{148FADD8-0246-4CF3-82F7-9F1D30619BDC}"
	ProjectSection(ProjectDependencies) = postProject
		{0C253D76-9E94-4DDB-85AE-28C855BF4E71} = {0C253D76-9E94-4DDB-85AE-28C855BF4E71}
	EndProjectSection
EndProject
Project("{9A19103F-16F7-4668-BE54-9A1E7A4F7556}") = "One", "..\One\One\One.csproj", "{0C253D76-9E94-4DDB-85AE-28C855BF4E71}"
EndProject
Global
	GlobalSection(SolutionConfigurationPlatforms) = preSolution
		Debug|Any CPU = Debug|Any CPU
		Release|Any CPU = Release|Any CPU
	EndGlobalSection
	GlobalSection(ProjectConfigurationPlatforms) = postSolution
		{148FADD8-0246-4CF3-82F7-9F1D30619BDC}.Debug|Any CPU.ActiveCfg = Debug|Any CPU
		{148FADD8-0246-4CF3-82F7-9F1D30619BDC}.Debug|Any CPU.Build.0 = Debug|Any CPU
		{148FADD8-0246-4CF3-82F7-9F1D30619BDC}.Release|Any CPU.ActiveCfg = Release|Any CPU
		{148FADD8-0246-4CF3-82F7-9F1D30619BDC}.Release|Any CPU.Build.0 = Release|Any CPU
		{0C253D76-9E94-4DDB-85AE-28C855BF4E71}.Debug|Any CPU.ActiveCfg = Debug|Any CPU
		{0C253D76-9E94-4DDB-85AE-28C855BF4E71}.Debug|Any CPU.Build.0 = Debug|Any CPU
		{0C253D76-9E94-4DDB-85AE-28C855BF4E71}.Release|Any CPU.ActiveCfg = Release|Any CPU
		{0C253D76-9E94-4DDB-85AE-28C855BF4E71}.Release|Any CPU.Build.0 = Release|Any CPU
	EndGlobalSection
	GlobalSection(SolutionProperties) = preSolution
		HideSolutionNode = FALSE
	EndGlobalSection
	GlobalSection(ExtensibilityGlobals) = postSolution
		SolutionGuid = {40A2D485-EED3-499F-B57A-0663C2830EB0}
	EndGlobalSection
EndGlobal
