
Microsoft Visual Studio Solution File, Format Version 12.00
# Visual Studio 15
VisualStudioVersion = 15.0.28307.102
MinimumVisualStudioVersion = 10.0.40219.1
Project("{9A19103F-16F7-4668-BE54-9A1E7A4F7556}") = "One", "One\One.csproj", "{E80BD621-EBC9-4A2B-AAD5-08FEB7CCDCFA}"
EndProject
Project("{9A19103F-16F7-4668-BE54-9A1E7A4F7556}") = "OneDemo", "OneDemo\OneDemo.csproj", "{8F7573D7-24C6-4F7B-BD89-C0FB3A0C2A2A}"
EndProject
Project("{FAE04EC0-301F-11D3-BF4B-00C04F79EFBC}") = "ClientDemo", "ClientDemo\ClientDemo.csproj", "{1350A87C-8AE7-4B25-A08A-37FBCD07589D}"
EndProject
Project("{FAE04EC0-301F-11D3-BF4B-00C04F79EFBC}") = "ServerDemo", "ServerDemo\ServerDemo.csproj", "{73BBB991-A49D-4DD5-98EA-B3445A32D6E6}"
EndProject
Global
	GlobalSection(SolutionConfigurationPlatforms) = preSolution
		Debug|Any CPU = Debug|Any CPU
		Release|Any CPU = Release|Any CPU
	EndGlobalSection
	GlobalSection(ProjectConfigurationPlatforms) = postSolution
		{E80BD621-EBC9-4A2B-AAD5-08FEB7CCDCFA}.Debug|Any CPU.ActiveCfg = Debug|Any CPU
		{E80BD621-EBC9-4A2B-AAD5-08FEB7CCDCFA}.Debug|Any CPU.Build.0 = Debug|Any CPU
		{E80BD621-EBC9-4A2B-AAD5-08FEB7CCDCFA}.Release|Any CPU.ActiveCfg = Release|Any CPU
		{E80BD621-EBC9-4A2B-AAD5-08FEB7CCDCFA}.Release|Any CPU.Build.0 = Release|Any CPU
		{8F7573D7-24C6-4F7B-BD89-C0FB3A0C2A2A}.Debug|Any CPU.ActiveCfg = Debug|Any CPU
		{8F7573D7-24C6-4F7B-BD89-C0FB3A0C2A2A}.Debug|Any CPU.Build.0 = Debug|Any CPU
		{8F7573D7-24C6-4F7B-BD89-C0FB3A0C2A2A}.Release|Any CPU.ActiveCfg = Release|Any CPU
		{8F7573D7-24C6-4F7B-BD89-C0FB3A0C2A2A}.Release|Any CPU.Build.0 = Release|Any CPU
		{1350A87C-8AE7-4B25-A08A-37FBCD07589D}.Debug|Any CPU.ActiveCfg = Debug|Any CPU
		{1350A87C-8AE7-4B25-A08A-37FBCD07589D}.Debug|Any CPU.Build.0 = Debug|Any CPU
		{1350A87C-8AE7-4B25-A08A-37FBCD07589D}.Release|Any CPU.ActiveCfg = Release|Any CPU
		{1350A87C-8AE7-4B25-A08A-37FBCD07589D}.Release|Any CPU.Build.0 = Release|Any CPU
		{73BBB991-A49D-4DD5-98EA-B3445A32D6E6}.Debug|Any CPU.ActiveCfg = Debug|Any CPU
		{73BBB991-A49D-4DD5-98EA-B3445A32D6E6}.Debug|Any CPU.Build.0 = Debug|Any CPU
		{73BBB991-A49D-4DD5-98EA-B3445A32D6E6}.Release|Any CPU.ActiveCfg = Release|Any CPU
		{73BBB991-A49D-4DD5-98EA-B3445A32D6E6}.Release|Any CPU.Build.0 = Release|Any CPU
	EndGlobalSection
	GlobalSection(SolutionProperties) = preSolution
		HideSolutionNode = FALSE
	EndGlobalSection
	GlobalSection(ExtensibilityGlobals) = postSolution
		SolutionGuid = {BA2AC9CE-A625-45B1-8FCE-19317A82B613}
	EndGlobalSection
EndGlobal
