
Microsoft Visual Studio Solution File, Format Version 12.00
# Visual Studio 15
VisualStudioVersion = 15.0.28307.102
MinimumVisualStudioVersion = 10.0.40219.1
Project("{9A19103F-16F7-4668-BE54-9A1E7A4F7556}") = "One", "One\One.csproj", "{651C2B70-11BE-40D1-9893-7925BBFCCE1F}"
EndProject
Global
	GlobalSection(SolutionConfigurationPlatforms) = preSolution
		Debug|Any CPU = Debug|Any CPU
		Release|Any CPU = Release|Any CPU
	EndGlobalSection
	GlobalSection(ProjectConfigurationPlatforms) = postSolution
		{651C2B70-11BE-40D1-9893-7925BBFCCE1F}.Debug|Any CPU.ActiveCfg = Debug|Any CPU
		{651C2B70-11BE-40D1-9893-7925BBFCCE1F}.Debug|Any CPU.Build.0 = Debug|Any CPU
		{651C2B70-11BE-40D1-9893-7925BBFCCE1F}.Release|Any CPU.ActiveCfg = Release|Any CPU
		{651C2B70-11BE-40D1-9893-7925BBFCCE1F}.Release|Any CPU.Build.0 = Release|Any CPU
	EndGlobalSection
	GlobalSection(SolutionProperties) = preSolution
		HideSolutionNode = FALSE
	EndGlobalSection
	GlobalSection(ExtensibilityGlobals) = postSolution
		SolutionGuid = {BA2AC9CE-A625-45B1-8FCE-19317A82B613}
	EndGlobalSection
EndGlobal
